
Microsoft Visual Studio Solution File, Format Version 12.00
# Visual Studio Version 17
VisualStudioVersion = 17.9.34728.123
MinimumVisualStudioVersion = 10.0.40219.1
Project("{9A19103F-16F7-4668-BE54-9A1E7A4F7556}") = "Web_Xem_phim_CS_403", "Web_Xem_phim_CS_403\Web_Xem_phim_CS_403.csproj", "{A35D678F-DEB3-45B7-98C5-0F5CB99A1F30}"
EndProject
Global
	GlobalSection(SolutionConfigurationPlatforms) = preSolution
		Debug|Any CPU = Debug|Any CPU
		Release|Any CPU = Release|Any CPU
	EndGlobalSection
	GlobalSection(ProjectConfigurationPlatforms) = postSolution
		{A35D678F-DEB3-45B7-98C5-0F5CB99A1F30}.Debug|Any CPU.ActiveCfg = Debug|Any CPU
		{A35D678F-DEB3-45B7-98C5-0F5CB99A1F30}.Debug|Any CPU.Build.0 = Debug|Any CPU
		{A35D678F-DEB3-45B7-98C5-0F5CB99A1F30}.Release|Any CPU.ActiveCfg = Release|Any CPU
		{A35D678F-DEB3-45B7-98C5-0F5CB99A1F30}.Release|Any CPU.Build.0 = Release|Any CPU
	EndGlobalSection
	GlobalSection(SolutionProperties) = preSolution
		HideSolutionNode = FALSE
	EndGlobalSection
	GlobalSection(ExtensibilityGlobals) = postSolution
		SolutionGuid = {9C095638-908F-49E2-844C-6C46FA8839C5}
	EndGlobalSection
EndGlobal
